
Microsoft Visual Studio Solution File, Format Version 12.00
# Visual Studio Version 17
VisualStudioVersion = 17.5.33516.290
MinimumVisualStudioVersion = 10.0.40219.1
Project("{8BC9CEB8-8B4A-11D0-8D11-00A0C91BC942}") = "Pointer", "Pointer\Pointer.vcxproj", "{E7113B08-1317-4641-93C1-B45E3C210EF4}"
EndProject
Project("{8BC9CEB8-8B4A-11D0-8D11-00A0C91BC942}") = "Pointer2", "Pointer2\Pointer2.vcxproj", "{8003E0E8-C791-4ECC-A3D2-5B33E75E470D}"
EndProject
Project("{8BC9CEB8-8B4A-11D0-8D11-00A0C91BC942}") = "Pointer3", "Pointer3\Pointer3.vcxproj", "{1FDD7085-7DAA-44A6-83EA-84EFE57FD094}"
EndProject
Project("{8BC9CEB8-8B4A-11D0-8D11-00A0C91BC942}") = "FriendClass2", "FriendClass2\FriendClass2.vcxproj", "{9AE39BDF-A7D4-44DC-ADB8-4A63C59338DA}"
EndProject
Project("{8BC9CEB8-8B4A-11D0-8D11-00A0C91BC942}") = "FriendClass3", "FriendClass3\FriendClass3.vcxproj", "{FECE329E-EF7C-4C5D-899F-4069949AA117}"
EndProject
Global
	GlobalSection(SolutionConfigurationPlatforms) = preSolution
		Debug|x64 = Debug|x64
		Debug|x86 = Debug|x86
		Release|x64 = Release|x64
		Release|x86 = Release|x86
	EndGlobalSection
	GlobalSection(ProjectConfigurationPlatforms) = postSolution
		{E7113B08-1317-4641-93C1-B45E3C210EF4}.Debug|x64.ActiveCfg = Debug|x64
		{E7113B08-1317-4641-93C1-B45E3C210EF4}.Debug|x64.Build.0 = Debug|x64
		{E7113B08-1317-4641-93C1-B45E3C210EF4}.Debug|x86.ActiveCfg = Debug|Win32
		{E7113B08-1317-4641-93C1-B45E3C210EF4}.Debug|x86.Build.0 = Debug|Win32
		{E7113B08-1317-4641-93C1-B45E3C210EF4}.Release|x64.ActiveCfg = Release|x64
		{E7113B08-1317-4641-93C1-B45E3C210EF4}.Release|x64.Build.0 = Release|x64
		{E7113B08-1317-4641-93C1-B45E3C210EF4}.Release|x86.ActiveCfg = Release|Win32
		{E7113B08-1317-4641-93C1-B45E3C210EF4}.Release|x86.Build.0 = Release|Win32
		{8003E0E8-C791-4ECC-A3D2-5B33E75E470D}.Debug|x64.ActiveCfg = Debug|x64
		{8003E0E8-C791-4ECC-A3D2-5B33E75E470D}.Debug|x64.Build.0 = Debug|x64
		{8003E0E8-C791-4ECC-A3D2-5B33E75E470D}.Debug|x86.ActiveCfg = Debug|Win32
		{8003E0E8-C791-4ECC-A3D2-5B33E75E470D}.Debug|x86.Build.0 = Debug|Win32
		{8003E0E8-C791-4ECC-A3D2-5B33E75E470D}.Release|x64.ActiveCfg = Release|x64
		{8003E0E8-C791-4ECC-A3D2-5B33E75E470D}.Release|x64.Build.0 = Release|x64
		{8003E0E8-C791-4ECC-A3D2-5B33E75E470D}.Release|x86.ActiveCfg = Release|Win32
		{8003E0E8-C791-4ECC-A3D2-5B33E75E470D}.Release|x86.Build.0 = Release|Win32
		{1FDD7085-7DAA-44A6-83EA-84EFE57FD094}.Debug|x64.ActiveCfg = Debug|x64
		{1FDD7085-7DAA-44A6-83EA-84EFE57FD094}.Debug|x64.Build.0 = Debug|x64
		{1FDD7085-7DAA-44A6-83EA-84EFE57FD094}.Debug|x86.ActiveCfg = Debug|Win32
		{1FDD7085-7DAA-44A6-83EA-84EFE57FD094}.Debug|x86.Build.0 = Debug|Win32
		{1FDD7085-7DAA-44A6-83EA-84EFE57FD094}.Release|x64.ActiveCfg = Release|x64
		{1FDD7085-7DAA-44A6-83EA-84EFE57FD094}.Release|x64.Build.0 = Release|x64
		{1FDD7085-7DAA-44A6-83EA-84EFE57FD094}.Release|x86.ActiveCfg = Release|Win32
		{1FDD7085-7DAA-44A6-83EA-84EFE57FD094}.Release|x86.Build.0 = Release|Win32
		{9AE39BDF-A7D4-44DC-ADB8-4A63C59338DA}.Debug|x64.ActiveCfg = Debug|x64
		{9AE39BDF-A7D4-44DC-ADB8-4A63C59338DA}.Debug|x64.Build.0 = Debug|x64
		{9AE39BDF-A7D4-44DC-ADB8-4A63C59338DA}.Debug|x86.ActiveCfg = Debug|Win32
		{9AE39BDF-A7D4-44DC-ADB8-4A63C59338DA}.Debug|x86.Build.0 = Debug|Win32
		{9AE39BDF-A7D4-44DC-ADB8-4A63C59338DA}.Release|x64.ActiveCfg = Release|x64
		{9AE39BDF-A7D4-44DC-ADB8-4A63C59338DA}.Release|x64.Build.0 = Release|x64
		{9AE39BDF-A7D4-44DC-ADB8-4A63C59338DA}.Release|x86.ActiveCfg = Release|Win32
		{9AE39BDF-A7D4-44DC-ADB8-4A63C59338DA}.Release|x86.Build.0 = Release|Win32
		{FECE329E-EF7C-4C5D-899F-4069949AA117}.Debug|x64.ActiveCfg = Debug|x64
		{FECE329E-EF7C-4C5D-899F-4069949AA117}.Debug|x64.Build.0 = Debug|x64
		{FECE329E-EF7C-4C5D-899F-4069949AA117}.Debug|x86.ActiveCfg = Debug|Win32
		{FECE329E-EF7C-4C5D-899F-4069949AA117}.Debug|x86.Build.0 = Debug|Win32
		{FECE329E-EF7C-4C5D-899F-4069949AA117}.Release|x64.ActiveCfg = Release|x64
		{FECE329E-EF7C-4C5D-899F-4069949AA117}.Release|x64.Build.0 = Release|x64
		{FECE329E-EF7C-4C5D-899F-4069949AA117}.Release|x86.ActiveCfg = Release|Win32
		{FECE329E-EF7C-4C5D-899F-4069949AA117}.Release|x86.Build.0 = Release|Win32
	EndGlobalSection
	GlobalSection(SolutionProperties) = preSolution
		HideSolutionNode = FALSE
	EndGlobalSection
	GlobalSection(ExtensibilityGlobals) = postSolution
		SolutionGuid = {B661B5C4-3A79-4A15-A56B-3679DD8C6990}
	EndGlobalSection
EndGlobal
